
Microsoft Visual Studio Solution File, Format Version 12.00
# Visual Studio Version 17
VisualStudioVersion = 17.8.34408.163
MinimumVisualStudioVersion = 10.0.40219.1
Project("{FAE04EC0-301F-11D3-BF4B-00C04F79EFBC}") = "webApiSigi", "webApiSigi\webApiSigi.csproj", "{493890BB-E385-4EF6-9C26-353FF55C9ACC}"
EndProject
Global
	GlobalSection(SolutionConfigurationPlatforms) = preSolution
		Debug|Any CPU = Debug|Any CPU
		Release|Any CPU = Release|Any CPU
	EndGlobalSection
	GlobalSection(ProjectConfigurationPlatforms) = postSolution
		{493890BB-E385-4EF6-9C26-353FF55C9ACC}.Debug|Any CPU.ActiveCfg = Debug|Any CPU
		{493890BB-E385-4EF6-9C26-353FF55C9ACC}.Debug|Any CPU.Build.0 = Debug|Any CPU
		{493890BB-E385-4EF6-9C26-353FF55C9ACC}.Release|Any CPU.ActiveCfg = Release|Any CPU
		{493890BB-E385-4EF6-9C26-353FF55C9ACC}.Release|Any CPU.Build.0 = Release|Any CPU
	EndGlobalSection
	GlobalSection(SolutionProperties) = preSolution
		HideSolutionNode = FALSE
	EndGlobalSection
	GlobalSection(ExtensibilityGlobals) = postSolution
		SolutionGuid = {704F5694-54EC-4AF1-B93A-AD1D33E69DD9}
	EndGlobalSection
EndGlobal
